{
  "name": "react-components",
  "version": "1.0.0",
  "lockfileVersion": 3,
  "requires": true,
  "packages": {
    "": {
      "name": "react-components",
      "version": "1.0.0",
      "private": true,
      "dependencies": {
        "@swc/core": "^1.3.100"
      },
      "engines": {
        "node": ">=18.0.0"
      }
    },
    "node_modules/@swc/core": {
      "version": "1.16.0",
      "resolved": "https://registry.npmjs.org/@swc/core/-/core-1.16.0.tgz",
      "integrity": "sha512-zSdvEHxBg00WhUNtW/u58hhcdR33gjtMQvOBo8F7POWJDyjRCt/miKfhidT3hCc/118RUwNnlEAmxiihFMbK4Q==",
      "hasInstallScript": true,
      "license": "Apache-2.0",
      "dependencies": {
        "@swc/counter": "^0.1.3",
        "@swc/types": "^0.1.28"
      },
      "engines": {
        "node": ">=10"
      },
      "funding": {
        "type": "opencollective",
        "url": "https://opencollective.com/swc"
      },
      "optionalDependencies": {
        "@swc/core-darwin-arm64": "1.16.0",
        "@swc/core-darwin-x64": "1.16.0",
        "@swc/core-linux-arm-gnueabihf": "1.16.0",
        "@swc/core-linux-arm64-gnu": "1.16.0",
        "@swc/core-linux-arm64-musl": "1.16.0",
        "@swc/core-linux-ppc64-gnu": "1.16.0",
        "@swc/core-linux-s390x-gnu": "1.16.0",
        "@swc/core-linux-x64-gnu": "1.16.0",
        "@swc/core-linux-x64-musl": "1.16.0",
        "@swc/core-win32-arm64-msvc": "1.16.0",
        "@swc/core-win32-ia32-msvc": "1.16.0",
        "@swc/core-win32-x64-msvc": "1.16.0"
      },
      "peerDependencies": {
        "@swc/helpers": ">=0.5.17"
      },
      "peerDependenciesMeta": {
        "@swc/helpers": {
          "optional": true
        }
      }
    },
    "node_modules/@swc/core-darwin-arm64": {
      "version": "1.16.0",
      "resolved": "https://registry.npmjs.org/@swc/core-darwin-arm64/-/core-darwin-arm64-1.16.0.tgz",
      "integrity": "sha512-SJQPl+xG/zB8bNjC/gTg3WOmOvz7EzlQD+VShfCKFYPNr2qvb+vATUY11vYEjnMWCn6wV8H8eAtjQrVflYyX5A==",
      "cpu": [
        "arm64"
      ],
      "license": "Apache-2.0 AND MIT",
      "optional": true,
      "os": [
        "darwin"
      ],
      "engines": {
        "node": ">=10"
      }
    },
    "node_modules/@swc/core-darwin-x64": {
      "version": "1.16.0",
      "resolved": "https://registry.npmjs.org/@swc/core-darwin-x64/-/core-darwin-x64-1.16.0.tgz",
      "integrity": "sha512-ql2JVch8V5t1i+HxiiuD4oVDI1dOku4/e3QiCkplONrm3SLitqNAP+nztHN51fSG2IgGuOwpAi3hgA+ukT5yQg==",
      "cpu": [
        "x64"
      ],
      "license": "Apache-2.0 AND MIT",
      "optional": true,
      "os": [
        "darwin"
      ],
      "engines": {
        "node": ">=10"
      }
    },
    "node_modules/@swc/core-linux-arm-gnueabihf": {
      "version": "1.16.0",
      "resolved": "https://registry.npmjs.org/@swc/core-linux-arm-gnueabihf/-/core-linux-arm-gnueabihf-1.16.0.tgz",
      "integrity": "sha512-PcdDBaRbe39y37h1rXVkhNy7mEU7f8b34KD761C68R23EsfMsj5oDPVddRzGdSRAvwwSfH0WSNEHgYmc/AJipg==",
      "cpu": [
        "arm"
      ],
      "license": "Apache-2.0",
      "optional": true,
      "os": [
        "linux"
      ],
      "engines": {
        "node": ">=10"
      }
    },
    "node_modules/@swc/core-linux-arm64-gnu": {
      "version": "1.16.0",
      "resolved": "https://registry.npmjs.org/@swc/core-linux-arm64-gnu/-/core-linux-arm64-gnu-1.16.0.tgz",
      "integrity": "sha512-t21IUztHQ/COucy7Kk9eIlehmq08H/hYq7aRA6fZox3S5ddi6TxWPK6e5S/+aTCf6+Od9qQ+LIpjHMiTy737vA==",
      "cpu": [
        "arm64"
      ],
      "libc": [
        "glibc"
      ],
      "license": "Apache-2.0 AND MIT",
      "optional": true,
      "os": [
        "linux"
      ],
      "engines": {
        "node": ">=10"
      }
    },
    "node_modules/@swc/core-linux-arm64-musl": {
      "version": "1.16.0",
      "resolved": "https://registry.npmjs.org/@swc/core-linux-arm64-musl/-/core-linux-arm64-musl-1.16.0.tgz",
      "integrity": "sha512-d9+iajbMB87b0umgbP+Gy3yBDSDgty4Q6H5pZ8fgTb/dOoKIwwynP4L4kvWCOFg2i49kxmAAUs1uJZh9s0E+RQ==",
      "cpu": [
        "arm64"
      ],
      "libc": [
        "musl"
      ],
      "license": "Apache-2.0 AND MIT",
      "optional": true,
      "os": [
        "linux"
      ],
      "engines": {
        "node": ">=10"
      }
    },
    "node_modules/@swc/core-linux-ppc64-gnu": {
      "version": "1.16.0",
      "resolved": "https://registry.npmjs.org/@swc/core-linux-ppc64-gnu/-/core-linux-ppc64-gnu-1.16.0.tgz",
      "integrity": "sha512-QRpeKGOg+B0qmo3BFU+6rL/gpoKYYJ7OFSMf5DNMafohYZ/iq2qvAH9Gcrf8NxROj3iooKOVewJ+YgahH1nSLw==",
      "cpu": [
        "ppc64"
      ],
      "libc": [
        "glibc"
      ],
      "license": "Apache-2.0 AND MIT",
      "optional": true,
      "os": [
        "linux"
      ],
      "engines": {
        "node": ">=10"
      }
    },
    "node_modules/@swc/core-linux-s390x-gnu": {
      "version": "1.16.0",
      "resolved": "https://registry.npmjs.org/@swc/core-linux-s390x-gnu/-/core-linux-s390x-gnu-1.16.0.tgz",
      "integrity": "sha512-q+Vr/hmHCcRXT/WFzOJC+T6GGEEtq2iaTtmyLfxO7yzu4ckgcqSNkg9m181wfNhuMwfNBoBhOfwQCnLsGZ5F4g==",
      "cpu": [
        "s390x"
      ],
      "libc": [
        "glibc"
      ],
      "license": "Apache-2.0 AND MIT",
      "optional": true,
      "os": [
        "linux"
      ],
      "engines": {
        "node": ">=10"
      }
    },
    "node_modules/@swc/core-linux-x64-gnu": {
      "version": "1.16.0",
      "resolved": "https://registry.npmjs.org/@swc/core-linux-x64-gnu/-/core-linux-x64-gnu-1.16.0.tgz",
      "integrity": "sha512-DWVBc3QnpsSgKoq8N4rmZeZa5r/XrHdLkITsExN/tvTdqPtAPDPt+Ysy33OfgBlyN8lNe4xwsXWe6DXlRkJeRQ==",
      "cpu": [
        "x64"
      ],
      "libc": [
        "glibc"
      ],
      "license": "Apache-2.0 AND MIT",
      "optional": true,
      "os": [
        "linux"
      ],
      "engines": {
        "node": ">=10"
      }
    },
    "node_modules/@swc/core-linux-x64-musl": {
      "version": "1.16.0",
      "resolved": "https://registry.npmjs.org/@swc/core-linux-x64-musl/-/core-linux-x64-musl-1.16.0.tgz",
      "integrity": "sha512-6XCgDSc1HPf/5dpjvABhKHICiBcsuZyW3hQMkn8sxel0TqprkJGp+H4iaBYIUTPixhrBub2hBPtfjcZLE6yL3w==",
      "cpu": [
        "x64"
      ],
      "libc": [
        "musl"
      ],
      "license": "Apache-2.0 AND MIT",
      "optional": true,
      "os": [
        "linux"
      ],
      "engines": {
        "node": ">=10"
      }
    },
    "node_modules/@swc/core-win32-arm64-msvc": {
      "version": "1.16.0",
      "resolved": "https://registry.npmjs.org/@swc/core-win32-arm64-msvc/-/core-win32-arm64-msvc-1.16.0.tgz",
      "integrity": "sha512-T/+9VVCZJ3AKEth9IP3U9AJ2YscQq+7LUqRTvfR4a2q36+Ri22oOwUizpAKOqQ42vb2Y/kOa4TOcJOfHoDIT/w==",
      "cpu": [
        "arm64"
      ],
      "license": "Apache-2.0 AND MIT",
      "optional": true,
      "os": [
        "win32"
      ],
      "engines": {
        "node": ">=10"
      }
    },
    "node_modules/@swc/core-win32-ia32-msvc": {
      "version": "1.16.0",
      "resolved": "https://registry.npmjs.org/@swc/core-win32-ia32-msvc/-/core-win32-ia32-msvc-1.16.0.tgz",
      "integrity": "sha512-Pr1lsR/PMs8ndL0UWMrW8nLZ7H7sspIxBRDdjL8f+YJ/FJNASgzfunbVVXAqj0csgIJYHPZy+OW9smjFmk1Rcg==",
      "cpu": [
        "ia32"
      ],
      "license": "Apache-2.0 AND MIT",
      "optional": true,
      "os": [
        "win32"
      ],
      "engines": {
        "node": ">=10"
      }
    },
    "node_modules/@swc/core-win32-x64-msvc": {
      "version": "1.16.0",
      "resolved": "https://registry.npmjs.org/@swc/core-win32-x64-msvc/-/core-win32-x64-msvc-1.16.0.tgz",
      "integrity": "sha512-ktdeYLgOQdaonvsj5tJijqgpb0wk7gfF80wCFVA0kucI1hhSUIyfcGbjo5+9sdqv38OhMnTdLoA6xbqgOgPQjw==",
      "cpu": [
        "x64"
      ],
      "license": "Apache-2.0 AND MIT",
      "optional": true,
      "os": [
        "win32"
      ],
      "engines": {
        "node": ">=10"
      }
    },
    "node_modules/@swc/counter": {
      "version": "0.1.3",
      "resolved": "https://registry.npmjs.org/@swc/counter/-/counter-0.1.3.tgz",
      "integrity": "sha512-e2BR4lsJkkRlKZ/qCHPw9ZaSxc0MVUd7gtbtaB7aMvHeJVYe8sOB8DBZkP2DtISHGSku9sCK6T6cnY0CtXrOCQ==",
      "license": "Apache-2.0"
    },
    "node_modules/@swc/types": {
      "version": "0.1.28",
      "resolved": "https://registry.npmjs.org/@swc/types/-/types-0.1.28.tgz",
      "integrity": "sha512-V6Mnml8v09QALx6K0elJ7o9K/MkVDtW3t6L+7Ou/JcWtb3xwId2AH4FeOceySd2JaO87IMw4+6vSZxLm34LPbw==",
      "license": "Apache-2.0",
      "dependencies": {
        "@swc/counter": "^0.1.3"
      }
    }
  }
}
